
Microsoft Visual Studio Solution File, Format Version 11.00
# Visual Studio 2010
Project("{FAE04EC0-301F-11D3-BF4B-00C04F79EFBC}") = "Granada", "Granada\Granada.csproj", "{7EDFFB4F-2403-4686-8871-93AE56C27EED}"
EndProject
Global
	GlobalSection(SolutionConfigurationPlatforms) = preSolution
		Debug|Any CPU = Debug|Any CPU
		Release|Any CPU = Release|Any CPU
	EndGlobalSection
	GlobalSection(ProjectConfigurationPlatforms) = postSolution
		{7EDFFB4F-2403-4686-8871-93AE56C27EED}.Debug|Any CPU.ActiveCfg = Debug|Any CPU
		{7EDFFB4F-2403-4686-8871-93AE56C27EED}.Debug|Any CPU.Build.0 = Debug|Any CPU
		{7EDFFB4F-2403-4686-8871-93AE56C27EED}.Release|Any CPU.ActiveCfg = Release|Any CPU
		{7EDFFB4F-2403-4686-8871-93AE56C27EED}.Release|Any CPU.Build.0 = Release|Any CPU
	EndGlobalSection
	GlobalSection(SolutionProperties) = preSolution
		HideSolutionNode = FALSE
	EndGlobalSection
EndGlobal
